
Microsoft Visual Studio Solution File, Format Version 12.00
# Visual Studio Version 17
VisualStudioVersion = 17.5.33516.290
MinimumVisualStudioVersion = 10.0.40219.1
Project("{FAE04EC0-301F-11D3-BF4B-00C04F79EFBC}") = "DemoPraktika", "DemoPraktika\DemoPraktika.csproj", "{31F261D2-80A5-4A06-AD73-3CFF310A51EC}"
EndProject
Project("{FAE04EC0-301F-11D3-BF4B-00C04F79EFBC}") = "UnitTestPr", "UnitTestPr\UnitTestPr.csproj", "{4735B98F-813F-4217-89B9-EBFCA3E72968}"
EndProject
Global
	GlobalSection(SolutionConfigurationPlatforms) = preSolution
		Debug|Any CPU = Debug|Any CPU
		Release|Any CPU = Release|Any CPU
	EndGlobalSection
	GlobalSection(ProjectConfigurationPlatforms) = postSolution
		{31F261D2-80A5-4A06-AD73-3CFF310A51EC}.Debug|Any CPU.ActiveCfg = Debug|Any CPU
		{31F261D2-80A5-4A06-AD73-3CFF310A51EC}.Debug|Any CPU.Build.0 = Debug|Any CPU
		{31F261D2-80A5-4A06-AD73-3CFF310A51EC}.Release|Any CPU.ActiveCfg = Release|Any CPU
		{31F261D2-80A5-4A06-AD73-3CFF310A51EC}.Release|Any CPU.Build.0 = Release|Any CPU
		{4735B98F-813F-4217-89B9-EBFCA3E72968}.Debug|Any CPU.ActiveCfg = Debug|Any CPU
		{4735B98F-813F-4217-89B9-EBFCA3E72968}.Debug|Any CPU.Build.0 = Debug|Any CPU
		{4735B98F-813F-4217-89B9-EBFCA3E72968}.Release|Any CPU.ActiveCfg = Release|Any CPU
		{4735B98F-813F-4217-89B9-EBFCA3E72968}.Release|Any CPU.Build.0 = Release|Any CPU
	EndGlobalSection
	GlobalSection(SolutionProperties) = preSolution
		HideSolutionNode = FALSE
	EndGlobalSection
	GlobalSection(ExtensibilityGlobals) = postSolution
		SolutionGuid = {B462ACC3-01F9-4E7D-B01E-8B5BD714C322}
	EndGlobalSection
EndGlobal
